
Microsoft Visual Studio Solution File, Format Version 12.00
# Visual Studio 15
VisualStudioVersion = 15.0.26730.10
MinimumVisualStudioVersion = 10.0.40219.1
Project("{FAE04EC0-301F-11D3-BF4B-00C04F79EFBC}") = "PlanetBuilder.UI", "PlanetBuilder.UI\PlanetBuilder.UI.csproj", "{98A06FF1-0F10-4A39-A8A2-2A0B9C9BBD9D}"
EndProject
Project("{FAE04EC0-301F-11D3-BF4B-00C04F79EFBC}") = "PlanetBuilder", "PlanetBuilder\PlanetBuilder.csproj", "{1F99D37F-84FE-472D-94FD-087E2B7DBFE7}"
EndProject
Global
	GlobalSection(SolutionConfigurationPlatforms) = preSolution
		Debug|Any CPU = Debug|Any CPU
		Release|Any CPU = Release|Any CPU
	EndGlobalSection
	GlobalSection(ProjectConfigurationPlatforms) = postSolution
		{98A06FF1-0F10-4A39-A8A2-2A0B9C9BBD9D}.Debug|Any CPU.ActiveCfg = Debug|Any CPU
		{98A06FF1-0F10-4A39-A8A2-2A0B9C9BBD9D}.Debug|Any CPU.Build.0 = Debug|Any CPU
		{98A06FF1-0F10-4A39-A8A2-2A0B9C9BBD9D}.Release|Any CPU.ActiveCfg = Release|Any CPU
		{98A06FF1-0F10-4A39-A8A2-2A0B9C9BBD9D}.Release|Any CPU.Build.0 = Release|Any CPU
		{1F99D37F-84FE-472D-94FD-087E2B7DBFE7}.Debug|Any CPU.ActiveCfg = Debug|Any CPU
		{1F99D37F-84FE-472D-94FD-087E2B7DBFE7}.Debug|Any CPU.Build.0 = Debug|Any CPU
		{1F99D37F-84FE-472D-94FD-087E2B7DBFE7}.Release|Any CPU.ActiveCfg = Release|Any CPU
		{1F99D37F-84FE-472D-94FD-087E2B7DBFE7}.Release|Any CPU.Build.0 = Release|Any CPU
	EndGlobalSection
	GlobalSection(SolutionProperties) = preSolution
		HideSolutionNode = FALSE
	EndGlobalSection
	GlobalSection(ExtensibilityGlobals) = postSolution
		SolutionGuid = {7E8D9EF8-F198-4902-9235-F131D3E8F467}
	EndGlobalSection
EndGlobal
